
Microsoft Visual Studio Solution File, Format Version 12.00
Project("{FAE04EC0-301F-11D3-BF4B-00C04F79EFBC}") = "_9giu2022", "_9giu2022.csproj", "{374D690D-5F8B-44A6-886E-7ED4EA5A73B0}"
EndProject
Global
	GlobalSection(SolutionConfigurationPlatforms) = preSolution
		Debug|Any CPU = Debug|Any CPU
		Release|Any CPU = Release|Any CPU
	EndGlobalSection
	GlobalSection(ProjectConfigurationPlatforms) = postSolution
		{374D690D-5F8B-44A6-886E-7ED4EA5A73B0}.Debug|Any CPU.ActiveCfg = Debug|Any CPU
		{374D690D-5F8B-44A6-886E-7ED4EA5A73B0}.Debug|Any CPU.Build.0 = Debug|Any CPU
		{374D690D-5F8B-44A6-886E-7ED4EA5A73B0}.Release|Any CPU.ActiveCfg = Release|Any CPU
		{374D690D-5F8B-44A6-886E-7ED4EA5A73B0}.Release|Any CPU.Build.0 = Release|Any CPU
	EndGlobalSection
EndGlobal
