
Microsoft Visual Studio Solution File, Format Version 12.00
Project("{FAE04EC0-301F-11D3-BF4B-00C04F79EFBC}") = "_11set2023", "_11set2023.csproj", "{9E423232-221B-4466-BA87-ED696D09B7AA}"
EndProject
Global
	GlobalSection(SolutionConfigurationPlatforms) = preSolution
		Debug|Any CPU = Debug|Any CPU
		Release|Any CPU = Release|Any CPU
	EndGlobalSection
	GlobalSection(ProjectConfigurationPlatforms) = postSolution
		{9E423232-221B-4466-BA87-ED696D09B7AA}.Debug|Any CPU.ActiveCfg = Debug|Any CPU
		{9E423232-221B-4466-BA87-ED696D09B7AA}.Debug|Any CPU.Build.0 = Debug|Any CPU
		{9E423232-221B-4466-BA87-ED696D09B7AA}.Release|Any CPU.ActiveCfg = Release|Any CPU
		{9E423232-221B-4466-BA87-ED696D09B7AA}.Release|Any CPU.Build.0 = Release|Any CPU
	EndGlobalSection
EndGlobal
