
Microsoft Visual Studio Solution File, Format Version 12.00
# Visual Studio Version 16
VisualStudioVersion = 25.0.1704.1
MinimumVisualStudioVersion = 10.0.40219.1
Project("{FAE04EC0-301F-11D3-BF4B-00C04F79EFBC}") = "Executor", "Executor.csproj", "{6310F5C4-FF9E-430A-A97F-6CF6D079DE01}"
EndProject
Global
	GlobalSection(SolutionConfigurationPlatforms) = preSolution
		Debug|Any CPU = Debug|Any CPU
		Release|Any CPU = Release|Any CPU
	EndGlobalSection
	GlobalSection(ProjectConfigurationPlatforms) = postSolution
		{6310F5C4-FF9E-430A-A97F-6CF6D079DE01}.Debug|Any CPU.ActiveCfg = Debug|Any CPU
		{6310F5C4-FF9E-430A-A97F-6CF6D079DE01}.Debug|Any CPU.Build.0 = Debug|Any CPU
		{6310F5C4-FF9E-430A-A97F-6CF6D079DE01}.Release|Any CPU.ActiveCfg = Release|Any CPU
		{6310F5C4-FF9E-430A-A97F-6CF6D079DE01}.Release|Any CPU.Build.0 = Release|Any CPU
	EndGlobalSection
	GlobalSection(SolutionProperties) = preSolution
		HideSolutionNode = FALSE
	EndGlobalSection
	GlobalSection(ExtensibilityGlobals) = postSolution
		SolutionGuid = {B72C9FC8-0908-4781-A05C-568255881D5A}
	EndGlobalSection
EndGlobal
