
Microsoft Visual Studio Solution File, Format Version 12.00
Project("{FAE04EC0-301F-11D3-BF4B-00C04F79EFBC}") = "_18feb2022", "_18feb2022.csproj", "{5BB12052-C31D-4FE4-9075-80483CCBBAD6}"
EndProject
Global
	GlobalSection(SolutionConfigurationPlatforms) = preSolution
		Debug|Any CPU = Debug|Any CPU
		Release|Any CPU = Release|Any CPU
	EndGlobalSection
	GlobalSection(ProjectConfigurationPlatforms) = postSolution
		{5BB12052-C31D-4FE4-9075-80483CCBBAD6}.Debug|Any CPU.ActiveCfg = Debug|Any CPU
		{5BB12052-C31D-4FE4-9075-80483CCBBAD6}.Debug|Any CPU.Build.0 = Debug|Any CPU
		{5BB12052-C31D-4FE4-9075-80483CCBBAD6}.Release|Any CPU.ActiveCfg = Release|Any CPU
		{5BB12052-C31D-4FE4-9075-80483CCBBAD6}.Release|Any CPU.Build.0 = Release|Any CPU
	EndGlobalSection
EndGlobal
