
Microsoft Visual Studio Solution File, Format Version 12.00
Project("{FAE04EC0-301F-11D3-BF4B-00C04F79EFBC}") = "_4feb2022", "_4feb2022.csproj", "{767B1FDD-93D1-4F40-BE9F-20E84A183844}"
EndProject
Global
	GlobalSection(SolutionConfigurationPlatforms) = preSolution
		Debug|Any CPU = Debug|Any CPU
		Release|Any CPU = Release|Any CPU
	EndGlobalSection
	GlobalSection(ProjectConfigurationPlatforms) = postSolution
		{767B1FDD-93D1-4F40-BE9F-20E84A183844}.Debug|Any CPU.ActiveCfg = Debug|Any CPU
		{767B1FDD-93D1-4F40-BE9F-20E84A183844}.Debug|Any CPU.Build.0 = Debug|Any CPU
		{767B1FDD-93D1-4F40-BE9F-20E84A183844}.Release|Any CPU.ActiveCfg = Release|Any CPU
		{767B1FDD-93D1-4F40-BE9F-20E84A183844}.Release|Any CPU.Build.0 = Release|Any CPU
	EndGlobalSection
EndGlobal
