
Microsoft Visual Studio Solution File, Format Version 12.00
# Visual Studio Version 16
VisualStudioVersion = 25.0.1703.6
MinimumVisualStudioVersion = 10.0.40219.1
Project("{FAE04EC0-301F-11D3-BF4B-00C04F79EFBC}") = "helloworld", "helloworld\helloworld.csproj", "{58D31329-56B9-4555-84DE-90CED49E0C80}"
EndProject
Global
	GlobalSection(SolutionConfigurationPlatforms) = preSolution
		Debug|Any CPU = Debug|Any CPU
		Release|Any CPU = Release|Any CPU
	EndGlobalSection
	GlobalSection(ProjectConfigurationPlatforms) = postSolution
		{58D31329-56B9-4555-84DE-90CED49E0C80}.Debug|Any CPU.ActiveCfg = Debug|Any CPU
		{58D31329-56B9-4555-84DE-90CED49E0C80}.Debug|Any CPU.Build.0 = Debug|Any CPU
		{58D31329-56B9-4555-84DE-90CED49E0C80}.Release|Any CPU.ActiveCfg = Release|Any CPU
		{58D31329-56B9-4555-84DE-90CED49E0C80}.Release|Any CPU.Build.0 = Release|Any CPU
	EndGlobalSection
	GlobalSection(SolutionProperties) = preSolution
		HideSolutionNode = FALSE
	EndGlobalSection
	GlobalSection(ExtensibilityGlobals) = postSolution
		SolutionGuid = {C257D085-9CCF-44CF-A180-2AFA1ECF130F}
	EndGlobalSection
EndGlobal
